Microsoft Visual Studio Solution File, Format Version 11.00
# Visual Studio 2008

Project("{F09A413D-F097-14E2-1819-101325D6F7A8}") = "Rollaball", "Assembly-CSharp.csproj", "{465A12E5-0917-F68F-5DAA-36E0DFB33C2E}"
EndProject
Global
	GlobalSection(SolutionConfigurationPlatforms) = preSolution
		Debug|Any CPU = Debug|Any CPU
		Release|Any CPU = Release|Any CPU
	EndGlobalSection
	GlobalSection(ProjectConfigurationPlatforms) = postSolution
		{465A12E5-0917-F68F-5DAA-36E0DFB33C2E}.Debug|Any CPU.ActiveCfg = Debug|Any CPU
		{465A12E5-0917-F68F-5DAA-36E0DFB33C2E}.Debug|Any CPU.Build.0 = Debug|Any CPU
		{465A12E5-0917-F68F-5DAA-36E0DFB33C2E}.Release|Any CPU.ActiveCfg = Release|Any CPU
		{465A12E5-0917-F68F-5DAA-36E0DFB33C2E}.Release|Any CPU.Build.0 = Release|Any CPU
	EndGlobalSection
	GlobalSection(SolutionProperties) = preSolution
		HideSolutionNode = FALSE
	EndGlobalSection
	GlobalSection(MonoDevelopProperties) = preSolution
		StartupItem = Assembly-CSharp.csproj
	EndGlobalSection
EndGlobal
